
Microsoft Visual Studio Solution File, Format Version 12.00
# Visual Studio Version 16
VisualStudioVersion = 16.0.30523.141
MinimumVisualStudioVersion = 10.0.40219.1
Project("{FAE04EC0-301F-11D3-BF4B-00C04F79EFBC}") = "operaciones", "operaciones\operaciones.csproj", "{8D0B10D4-03E0-40A8-BE60-4FB3C5300778}"
EndProject
Global
	GlobalSection(SolutionConfigurationPlatforms) = preSolution
		Debug|Any CPU = Debug|Any CPU
		Release|Any CPU = Release|Any CPU
	EndGlobalSection
	GlobalSection(ProjectConfigurationPlatforms) = postSolution
		{8D0B10D4-03E0-40A8-BE60-4FB3C5300778}.Debug|Any CPU.ActiveCfg = Debug|Any CPU
		{8D0B10D4-03E0-40A8-BE60-4FB3C5300778}.Debug|Any CPU.Build.0 = Debug|Any CPU
		{8D0B10D4-03E0-40A8-BE60-4FB3C5300778}.Release|Any CPU.ActiveCfg = Release|Any CPU
		{8D0B10D4-03E0-40A8-BE60-4FB3C5300778}.Release|Any CPU.Build.0 = Release|Any CPU
	EndGlobalSection
	GlobalSection(SolutionProperties) = preSolution
		HideSolutionNode = FALSE
	EndGlobalSection
	GlobalSection(ExtensibilityGlobals) = postSolution
		SolutionGuid = {7E4F2120-A1FC-4EB2-B32C-8BD10A897A17}
	EndGlobalSection
EndGlobal
